// !$*UTF8*$!
{
	archiveVersion = 1;
	classes = {
	};
	objectVersion = 50;
	objects = {

/* Begin PBXBuildFile section */
		2C0A13F120A3B802000B4A2B /* itunesapi.xcdatamodeld in Sources */ = {isa = PBXBuildFile; fileRef = 2C0A13EF20A3B802000B4A2B /* itunesapi.xcdatamodeld */; };
		2C3AB34520A2697A00DFB9F0 /* DetailsInteractor.swift in Sources */ = {isa = PBXBuildFile; fileRef = 2C3AB34020A2697A00DFB9F0 /* DetailsInteractor.swift */; };
		2C3AB34620A2697A00DFB9F0 /* DetailsInterfaces.swift in Sources */ = {isa = PBXBuildFile; fileRef = 2C3AB34120A2697A00DFB9F0 /* DetailsInterfaces.swift */; };
		2C3AB34720A2697A00DFB9F0 /* DetailsPresenter.swift in Sources */ = {isa = PBXBuildFile; fileRef = 2C3AB34220A2697A00DFB9F0 /* DetailsPresenter.swift */; };
		2C3AB34820A2697A00DFB9F0 /* DetailsViewController.swift in Sources */ = {isa = PBXBuildFile; fileRef = 2C3AB34320A2697A00DFB9F0 /* DetailsViewController.swift */; };
		2C3AB34920A2697A00DFB9F0 /* DetailsWireframe.swift in Sources */ = {isa = PBXBuildFile; fileRef = 2C3AB34420A2697A00DFB9F0 /* DetailsWireframe.swift */; };
		2C3AB34B20A2698A00DFB9F0 /* Details.storyboard in Resources */ = {isa = PBXBuildFile; fileRef = 2C3AB34A20A2698A00DFB9F0 /* Details.storyboard */; };
		2C3AB34E20A282ED00DFB9F0 /* Album.swift in Sources */ = {isa = PBXBuildFile; fileRef = 2C3AB34D20A282ED00DFB9F0 /* Album.swift */; };
		2C3AB35120A29B9C00DFB9F0 /* DetailsTableViewCell.swift in Sources */ = {isa = PBXBuildFile; fileRef = 2C3AB35020A29B9C00DFB9F0 /* DetailsTableViewCell.swift */; };
		6EFDC61B20A1F71B00E8B824 /* AppDelegate.swift in Sources */ = {isa = PBXBuildFile; fileRef = 6EFDC61A20A1F71B00E8B824 /* AppDelegate.swift */; };
		6EFDC62220A1F72000E8B824 /* Assets.xcassets in Resources */ = {isa = PBXBuildFile; fileRef = 6EFDC62120A1F72000E8B824 /* Assets.xcassets */; };
		6EFDC62520A1F72000E8B824 /* LaunchScreen.storyboard in Resources */ = {isa = PBXBuildFile; fileRef = 6EFDC62320A1F72000E8B824 /* LaunchScreen.storyboard */; };
		6EFDC63020A1F72000E8B824 /* itunesapiTests.swift in Sources */ = {isa = PBXBuildFile; fileRef = 6EFDC62F20A1F72000E8B824 /* itunesapiTests.swift */; };
		6EFDC64B20A1FE9400E8B824 /* InteractorInterface.swift in Sources */ = {isa = PBXBuildFile; fileRef = 6EFDC64620A1FE9400E8B824 /* InteractorInterface.swift */; };
		6EFDC64C20A1FE9400E8B824 /* ViewInterface.swift in Sources */ = {isa = PBXBuildFile; fileRef = 6EFDC64720A1FE9400E8B824 /* ViewInterface.swift */; };
		6EFDC64D20A1FE9400E8B824 /* PresenterInterface.swift in Sources */ = {isa = PBXBuildFile; fileRef = 6EFDC64820A1FE9400E8B824 /* PresenterInterface.swift */; };
		6EFDC64E20A1FE9400E8B824 /* BaseWireframe.swift in Sources */ = {isa = PBXBuildFile; fileRef = 6EFDC64920A1FE9400E8B824 /* BaseWireframe.swift */; };
		6EFDC64F20A1FE9400E8B824 /* UIStoryboardExtension.swift in Sources */ = {isa = PBXBuildFile; fileRef = 6EFDC64A20A1FE9400E8B824 /* UIStoryboardExtension.swift */; };
		6EFDC65620A200CB00E8B824 /* SearchInteractor.swift in Sources */ = {isa = PBXBuildFile; fileRef = 6EFDC65120A200CB00E8B824 /* SearchInteractor.swift */; };
		6EFDC65720A200CB00E8B824 /* SearchInterfaces.swift in Sources */ = {isa = PBXBuildFile; fileRef = 6EFDC65220A200CB00E8B824 /* SearchInterfaces.swift */; };
		6EFDC65820A200CB00E8B824 /* SearchPresenter.swift in Sources */ = {isa = PBXBuildFile; fileRef = 6EFDC65320A200CB00E8B824 /* SearchPresenter.swift */; };
		6EFDC65920A200CB00E8B824 /* SearchViewController.swift in Sources */ = {isa = PBXBuildFile; fileRef = 6EFDC65420A200CB00E8B824 /* SearchViewController.swift */; };
		6EFDC65A20A200CB00E8B824 /* SearchWireframe.swift in Sources */ = {isa = PBXBuildFile; fileRef = 6EFDC65520A200CB00E8B824 /* SearchWireframe.swift */; };
		6EFDC65C20A200E100E8B824 /* Search.storyboard in Resources */ = {isa = PBXBuildFile; fileRef = 6EFDC65B20A200E100E8B824 /* Search.storyboard */; };
		6EFDC65E20A2093500E8B824 /* AppNavigationController.swift in Sources */ = {isa = PBXBuildFile; fileRef = 6EFDC65D20A2093500E8B824 /* AppNavigationController.swift */; };
		6EFDC66020A20AEE00E8B824 /* Main.storyboard in Resources */ = {isa = PBXBuildFile; fileRef = 6EFDC65F20A20AEE00E8B824 /* Main.storyboard */; };
		6EFDC66320A20D4E00E8B824 /* Constants.swift in Sources */ = {isa = PBXBuildFile; fileRef = 6EFDC66220A20D4E00E8B824 /* Constants.swift */; };
		6EFDC66620A20E3800E8B824 /* ApiClient.swift in Sources */ = {isa = PBXBuildFile; fileRef = 6EFDC66520A20E3800E8B824 /* ApiClient.swift */; };
		6EFDC66920A2159300E8B824 /* Media.swift in Sources */ = {isa = PBXBuildFile; fileRef = 6EFDC66820A2159300E8B824 /* Media.swift */; };
		6EFDC66C20A2236900E8B824 /* SearchTableViewCell.swift in Sources */ = {isa = PBXBuildFile; fileRef = 6EFDC66B20A2236900E8B824 /* SearchTableViewCell.swift */; };
		6EFDC66F20A33ABD00E8B824 /* PreviewPlayer.storyboard in Resources */ = {isa = PBXBuildFile; fileRef = 6EFDC66E20A33ABD00E8B824 /* PreviewPlayer.storyboard */; };
		6EFDC67520A33ACA00E8B824 /* PreviewPlayerInteractor.swift in Sources */ = {isa = PBXBuildFile; fileRef = 6EFDC67020A33ACA00E8B824 /* PreviewPlayerInteractor.swift */; };
		6EFDC67620A33ACA00E8B824 /* PreviewPlayerInterfaces.swift in Sources */ = {isa = PBXBuildFile; fileRef = 6EFDC67120A33ACA00E8B824 /* PreviewPlayerInterfaces.swift */; };
		6EFDC67720A33ACA00E8B824 /* PreviewPlayerPresenter.swift in Sources */ = {isa = PBXBuildFile; fileRef = 6EFDC67220A33ACA00E8B824 /* PreviewPlayerPresenter.swift */; };
		6EFDC67820A33ACA00E8B824 /* PreviewPlayerViewController.swift in Sources */ = {isa = PBXBuildFile; fileRef = 6EFDC67320A33ACA00E8B824 /* PreviewPlayerViewController.swift */; };
		6EFDC67920A33ACA00E8B824 /* PreviewPlayerWireframe.swift in Sources */ = {isa = PBXBuildFile; fileRef = 6EFDC67420A33ACA00E8B824 /* PreviewPlayerWireframe.swift */; };
		7D5BDE8A01849E6B52BE8B92 /* Pods_itunesapi.framework in Frameworks */ = {isa = PBXBuildFile; fileRef = 5E9392EB578B8A7E2CC996F2 /* Pods_itunesapi.framework */; };
		84D4B1214E714F44BA95B659 /* Pods_itunesapiTests.framework in Frameworks */ = {isa = PBXBuildFile; fileRef = E4733D4D9F3A8430E307A3A8 /* Pods_itunesapiTests.framework */; };
/* End PBXBuildFile section */

/* Begin PBXContainerItemProxy section */
		6EFDC62C20A1F72000E8B824 /* PBXContainerItemProxy */ = {
			isa = PBXContainerItemProxy;
			containerPortal = 6EFDC60F20A1F71B00E8B824 /* Project object */;
			proxyType = 1;
			remoteGlobalIDString = 6EFDC61620A1F71B00E8B824;
			remoteInfo = itunesapi;
		};
/* End PBXContainerItemProxy section */

/* Begin PBXFileReference section */
		1DD5E1A5ED29081B1C81A80C /* Pods-itunesapi.debug.xcconfig */ = {isa = PBXFileReference; includeInIndex = 1; lastKnownFileType = text.xcconfig; name = "Pods-itunesapi.debug.xcconfig"; path = "Pods/Target Support Files/Pods-itunesapi/Pods-itunesapi.debug.xcconfig"; sourceTree = "<group>"; };
		1EB252D95CE11CA8754BF4C3 /* Pods-itunesapi.release.xcconfig */ = {isa = PBXFileReference; includeInIndex = 1; lastKnownFileType = text.xcconfig; name = "Pods-itunesapi.release.xcconfig"; path = "Pods/Target Support Files/Pods-itunesapi/Pods-itunesapi.release.xcconfig"; sourceTree = "<group>"; };
		2C0A13F020A3B802000B4A2B /* itunesapi.xcdatamodel */ = {isa = PBXFileReference; lastKnownFileType = wrapper.xcdatamodel; path = itunesapi.xcdatamodel; sourceTree = "<group>"; };
		2C3AB34020A2697A00DFB9F0 /* DetailsInteractor.swift */ = {isa = PBXFileReference; lastKnownFileType = sourcecode.swift; path = DetailsInteractor.swift; sourceTree = "<group>"; };
		2C3AB34120A2697A00DFB9F0 /* DetailsInterfaces.swift */ = {isa = PBXFileReference; lastKnownFileType = sourcecode.swift; path = DetailsInterfaces.swift; sourceTree = "<group>"; };
		2C3AB34220A2697A00DFB9F0 /* DetailsPresenter.swift */ = {isa = PBXFileReference; lastKnownFileType = sourcecode.swift; path = DetailsPresenter.swift; sourceTree = "<group>"; };
		2C3AB34320A2697A00DFB9F0 /* DetailsViewController.swift */ = {isa = PBXFileReference; lastKnownFileType = sourcecode.swift; path = DetailsViewController.swift; sourceTree = "<group>"; };
		2C3AB34420A2697A00DFB9F0 /* DetailsWireframe.swift */ = {isa = PBXFileReference; lastKnownFileType = sourcecode.swift; path = DetailsWireframe.swift; sourceTree = "<group>"; };
		2C3AB34A20A2698A00DFB9F0 /* Details.storyboard */ = {isa = PBXFileReference; lastKnownFileType = file.storyboard; path = Details.storyboard; sourceTree = "<group>"; };
		2C3AB34D20A282ED00DFB9F0 /* Album.swift */ = {isa = PBXFileReference; lastKnownFileType = sourcecode.swift; path = Album.swift; sourceTree = "<group>"; };
		2C3AB35020A29B9C00DFB9F0 /* DetailsTableViewCell.swift */ = {isa = PBXFileReference; lastKnownFileType = sourcecode.swift; path = DetailsTableViewCell.swift; sourceTree = "<group>"; };
		5E9392EB578B8A7E2CC996F2 /* Pods_itunesapi.framework */ = {isa = PBXFileReference; explicitFileType = wrapper.framework; includeInIndex = 0; path = Pods_itunesapi.framework; sourceTree = BUILT_PRODUCTS_DIR; };
		6EFDC61720A1F71B00E8B824 /* itunesapi.app */ = {isa = PBXFileReference; explicitFileType = wrapper.application; includeInIndex = 0; path = itunesapi.app; sourceTree = BUILT_PRODUCTS_DIR; };
		6EFDC61A20A1F71B00E8B824 /* AppDelegate.swift */ = {isa = PBXFileReference; lastKnownFileType = sourcecode.swift; path = AppDelegate.swift; sourceTree = "<group>"; };
		6EFDC62120A1F72000E8B824 /* Assets.xcassets */ = {isa = PBXFileReference; lastKnownFileType = folder.assetcatalog; path = Assets.xcassets; sourceTree = "<group>"; };
		6EFDC62420A1F72000E8B824 /* Base */ = {isa = PBXFileReference; lastKnownFileType = file.storyboard; name = Base; path = Base.lproj/LaunchScreen.storyboard; sourceTree = "<group>"; };
		6EFDC62620A1F72000E8B824 /* Info.plist */ = {isa = PBXFileReference; lastKnownFileType = text.plist.xml; path = Info.plist; sourceTree = "<group>"; };
		6EFDC62B20A1F72000E8B824 /* itunesapiTests.xctest */ = {isa = PBXFileReference; explicitFileType = wrapper.cfbundle; includeInIndex = 0; path = itunesapiTests.xctest; sourceTree = BUILT_PRODUCTS_DIR; };
		6EFDC62F20A1F72000E8B824 /* itunesapiTests.swift */ = {isa = PBXFileReference; lastKnownFileType = sourcecode.swift; path = itunesapiTests.swift; sourceTree = "<group>"; };
		6EFDC63120A1F72000E8B824 /* Info.plist */ = {isa = PBXFileReference; lastKnownFileType = text.plist.xml; path = Info.plist; sourceTree = "<group>"; };
		6EFDC63B20A1F77800E8B824 /* es */ = {isa = PBXFileReference; lastKnownFileType = text.plist.strings; name = es; path = es.lproj/LaunchScreen.strings; sourceTree = "<group>"; };
		6EFDC64620A1FE9400E8B824 /* InteractorInterface.swift */ = {isa = PBXFileReference; fileEncoding = 4; lastKnownFileType = sourcecode.swift; path = InteractorInterface.swift; sourceTree = "<group>"; };
		6EFDC64720A1FE9400E8B824 /* ViewInterface.swift */ = {isa = PBXFileReference; fileEncoding = 4; lastKnownFileType = sourcecode.swift; path = ViewInterface.swift; sourceTree = "<group>"; };
		6EFDC64820A1FE9400E8B824 /* PresenterInterface.swift */ = {isa = PBXFileReference; fileEncoding = 4; lastKnownFileType = sourcecode.swift; path = PresenterInterface.swift; sourceTree = "<group>"; };
		6EFDC64920A1FE9400E8B824 /* BaseWireframe.swift */ = {isa = PBXFileReference; fileEncoding = 4; lastKnownFileType = sourcecode.swift; path = BaseWireframe.swift; sourceTree = "<group>"; };
		6EFDC64A20A1FE9400E8B824 /* UIStoryboardExtension.swift */ = {isa = PBXFileReference; fileEncoding = 4; lastKnownFileType = sourcecode.swift; path = UIStoryboardExtension.swift; sourceTree = "<group>"; };
		6EFDC65120A200CB00E8B824 /* SearchInteractor.swift */ = {isa = PBXFileReference; lastKnownFileType = sourcecode.swift; path = SearchInteractor.swift; sourceTree = "<group>"; };
		6EFDC65220A200CB00E8B824 /* SearchInterfaces.swift */ = {isa = PBXFileReference; lastKnownFileType = sourcecode.swift; path = SearchInterfaces.swift; sourceTree = "<group>"; };
		6EFDC65320A200CB00E8B824 /* SearchPresenter.swift */ = {isa = PBXFileReference; lastKnownFileType = sourcecode.swift; path = SearchPresenter.swift; sourceTree = "<group>"; };
		6EFDC65420A200CB00E8B824 /* SearchViewController.swift */ = {isa = PBXFileReference; lastKnownFileType = sourcecode.swift; path = SearchViewController.swift; sourceTree = "<group>"; };
		6EFDC65520A200CB00E8B824 /* SearchWireframe.swift */ = {isa = PBXFileReference; lastKnownFileType = sourcecode.swift; path = SearchWireframe.swift; sourceTree = "<group>"; };
		6EFDC65B20A200E100E8B824 /* Search.storyboard */ = {isa = PBXFileReference; lastKnownFileType = file.storyboard; path = Search.storyboard; sourceTree = "<group>"; };
		6EFDC65D20A2093500E8B824 /* AppNavigationController.swift */ = {isa = PBXFileReference; lastKnownFileType = sourcecode.swift; path = AppNavigationController.swift; sourceTree = "<group>"; };
		6EFDC65F20A20AEE00E8B824 /* Main.storyboard */ = {isa = PBXFileReference; lastKnownFileType = file.storyboard; path = Main.storyboard; sourceTree = "<group>"; };
		6EFDC66220A20D4E00E8B824 /* Constants.swift */ = {isa = PBXFileReference; lastKnownFileType = sourcecode.swift; path = Constants.swift; sourceTree = "<group>"; };
		6EFDC66520A20E3800E8B824 /* ApiClient.swift */ = {isa = PBXFileReference; lastKnownFileType = sourcecode.swift; path = ApiClient.swift; sourceTree = "<group>"; };
		6EFDC66820A2159300E8B824 /* Media.swift */ = {isa = PBXFileReference; lastKnownFileType = sourcecode.swift; path = Media.swift; sourceTree = "<group>"; };
		6EFDC66B20A2236900E8B824 /* SearchTableViewCell.swift */ = {isa = PBXFileReference; lastKnownFileType = sourcecode.swift; path = SearchTableViewCell.swift; sourceTree = "<group>"; };
		6EFDC66E20A33ABD00E8B824 /* PreviewPlayer.storyboard */ = {isa = PBXFileReference; lastKnownFileType = file.storyboard; path = PreviewPlayer.storyboard; sourceTree = "<group>"; };
		6EFDC67020A33ACA00E8B824 /* PreviewPlayerInteractor.swift */ = {isa = PBXFileReference; lastKnownFileType = sourcecode.swift; path = PreviewPlayerInteractor.swift; sourceTree = "<group>"; };
		6EFDC67120A33ACA00E8B824 /* PreviewPlayerInterfaces.swift */ = {isa = PBXFileReference; lastKnownFileType = sourcecode.swift; path = PreviewPlayerInterfaces.swift; sourceTree = "<group>"; };
		6EFDC67220A33ACA00E8B824 /* PreviewPlayerPresenter.swift */ = {isa = PBXFileReference; lastKnownFileType = sourcecode.swift; path = PreviewPlayerPresenter.swift; sourceTree = "<group>"; };
		6EFDC67320A33ACA00E8B824 /* PreviewPlayerViewController.swift */ = {isa = PBXFileReference; lastKnownFileType = sourcecode.swift; path = PreviewPlayerViewController.swift; sourceTree = "<group>"; };
		6EFDC67420A33ACA00E8B824 /* PreviewPlayerWireframe.swift */ = {isa = PBXFileReference; lastKnownFileType = sourcecode.swift; path = PreviewPlayerWireframe.swift; sourceTree = "<group>"; };
		6EFDC67A20A3731B00E8B824 /* itunesapi-Bridging-Header.h */ = {isa = PBXFileReference; lastKnownFileType = sourcecode.c.h; path = "itunesapi-Bridging-Header.h"; sourceTree = "<group>"; };
		C9C7D02E1395A0AEE5B24C59 /* Pods-itunesapiTests.release.xcconfig */ = {isa = PBXFileReference; includeInIndex = 1; lastKnownFileType = text.xcconfig; name = "Pods-itunesapiTests.release.xcconfig"; path = "Pods/Target Support Files/Pods-itunesapiTests/Pods-itunesapiTests.release.xcconfig"; sourceTree = "<group>"; };
		E4733D4D9F3A8430E307A3A8 /* Pods_itunesapiTests.framework */ = {isa = PBXFileReference; explicitFileType = wrapper.framework; includeInIndex = 0; path = Pods_itunesapiTests.framework; sourceTree = BUILT_PRODUCTS_DIR; };
		F19C5ACF9C7E2C386145CA6B /* Pods-itunesapiTests.debug.xcconfig */ = {isa = PBXFileReference; includeInIndex = 1; lastKnownFileType = text.xcconfig; name = "Pods-itunesapiTests.debug.xcconfig"; path = "Pods/Target Support Files/Pods-itunesapiTests/Pods-itunesapiTests.debug.xcconfig"; sourceTree = "<group>"; };
/* End PBXFileReference section */

/* Begin PBXFrameworksBuildPhase section */
		6EFDC61420A1F71B00E8B824 /* Frameworks */ = {
			isa = PBXFrameworksBuildPhase;
			buildActionMask = 2147483647;
			files = (
				7D5BDE8A01849E6B52BE8B92 /* Pods_itunesapi.framework in Frameworks */,
			);
			runOnlyForDeploymentPostprocessing = 0;
		};
		6EFDC62820A1F72000E8B824 /* Frameworks */ = {
			isa = PBXFrameworksBuildPhase;
			buildActionMask = 2147483647;
			files = (
				84D4B1214E714F44BA95B659 /* Pods_itunesapiTests.framework in Frameworks */,
			);
			runOnlyForDeploymentPostprocessing = 0;
		};
/* End PBXFrameworksBuildPhase section */

/* Begin PBXGroup section */
		2C3AB33F20A268BB00DFB9F0 /* Details */ = {
			isa = PBXGroup;
			children = (
				2C3AB34F20A29B8900DFB9F0 /* Views */,
				2C3AB34A20A2698A00DFB9F0 /* Details.storyboard */,
				2C3AB34020A2697A00DFB9F0 /* DetailsInteractor.swift */,
				2C3AB34120A2697A00DFB9F0 /* DetailsInterfaces.swift */,
				2C3AB34220A2697A00DFB9F0 /* DetailsPresenter.swift */,
				2C3AB34320A2697A00DFB9F0 /* DetailsViewController.swift */,
				2C3AB34420A2697A00DFB9F0 /* DetailsWireframe.swift */,
			);
			path = Details;
			sourceTree = "<group>";
		};
		2C3AB34F20A29B8900DFB9F0 /* Views */ = {
			isa = PBXGroup;
			children = (
				2C3AB35020A29B9C00DFB9F0 /* DetailsTableViewCell.swift */,
			);
			path = Views;
			sourceTree = "<group>";
		};
		6EFDC60E20A1F71B00E8B824 = {
			isa = PBXGroup;
			children = (
				6EFDC61920A1F71B00E8B824 /* itunesapi */,
				6EFDC62E20A1F72000E8B824 /* itunesapiTests */,
				6EFDC61820A1F71B00E8B824 /* Products */,
				7E7A38E54FC4CBCC7217E00A /* Pods */,
				8A341E9762B92CA05982D7B0 /* Frameworks */,
			);
			sourceTree = "<group>";
		};
		6EFDC61820A1F71B00E8B824 /* Products */ = {
			isa = PBXGroup;
			children = (
				6EFDC61720A1F71B00E8B824 /* itunesapi.app */,
				6EFDC62B20A1F72000E8B824 /* itunesapiTests.xctest */,
			);
			name = Products;
			sourceTree = "<group>";
		};
		6EFDC61920A1F71B00E8B824 /* itunesapi */ = {
			isa = PBXGroup;
			children = (
				6EFDC64320A1FD5100E8B824 /* Application */,
				6EFDC64220A1FD4900E8B824 /* Common */,
				6EFDC64120A1FD4000E8B824 /* Resources */,
				6EFDC64020A1FD3400E8B824 /* Modules */,
			);
			path = itunesapi;
			sourceTree = "<group>";
		};
		6EFDC62E20A1F72000E8B824 /* itunesapiTests */ = {
			isa = PBXGroup;
			children = (
				6EFDC62F20A1F72000E8B824 /* itunesapiTests.swift */,
				6EFDC63120A1F72000E8B824 /* Info.plist */,
			);
			path = itunesapiTests;
			sourceTree = "<group>";
		};
		6EFDC64020A1FD3400E8B824 /* Modules */ = {
			isa = PBXGroup;
			children = (
				6EFDC65020A2009200E8B824 /* Search */,
				2C3AB33F20A268BB00DFB9F0 /* Details */,
				6EFDC66D20A33AA200E8B824 /* Preview Player */,
			);
			path = Modules;
			sourceTree = "<group>";
		};
		6EFDC64120A1FD4000E8B824 /* Resources */ = {
			isa = PBXGroup;
			children = (
				6EFDC62120A1F72000E8B824 /* Assets.xcassets */,
				6EFDC62320A1F72000E8B824 /* LaunchScreen.storyboard */,
			);
			path = Resources;
			sourceTree = "<group>";
		};
		6EFDC64220A1FD4900E8B824 /* Common */ = {
			isa = PBXGroup;
			children = (
				6EFDC64520A1FE7D00E8B824 /* VIPER */,
				6EFDC66420A20E2A00E8B824 /* API */,
				6EFDC66720A2156600E8B824 /* DataModels */,
				6EFDC66220A20D4E00E8B824 /* Constants.swift */,
			);
			path = Common;
			sourceTree = "<group>";
		};
		6EFDC64320A1FD5100E8B824 /* Application */ = {
			isa = PBXGroup;
			children = (
				6EFDC62620A1F72000E8B824 /* Info.plist */,
				6EFDC61A20A1F71B00E8B824 /* AppDelegate.swift */,
				6EFDC65D20A2093500E8B824 /* AppNavigationController.swift */,
				6EFDC65F20A20AEE00E8B824 /* Main.storyboard */,
				6EFDC67A20A3731B00E8B824 /* itunesapi-Bridging-Header.h */,
				2C0A13EF20A3B802000B4A2B /* itunesapi.xcdatamodeld */,
			);
			path = Application;
			sourceTree = "<group>";
		};
		6EFDC64520A1FE7D00E8B824 /* VIPER */ = {
			isa = PBXGroup;
			children = (
				6EFDC64920A1FE9400E8B824 /* BaseWireframe.swift */,
				6EFDC64620A1FE9400E8B824 /* InteractorInterface.swift */,
				6EFDC64820A1FE9400E8B824 /* PresenterInterface.swift */,
				6EFDC64A20A1FE9400E8B824 /* UIStoryboardExtension.swift */,
				6EFDC64720A1FE9400E8B824 /* ViewInterface.swift */,
			);
			path = VIPER;
			sourceTree = "<group>";
		};
		6EFDC65020A2009200E8B824 /* Search */ = {
			isa = PBXGroup;
			children = (
				6EFDC66A20A2235B00E8B824 /* Views */,
				6EFDC65B20A200E100E8B824 /* Search.storyboard */,
				6EFDC65120A200CB00E8B824 /* SearchInteractor.swift */,
				6EFDC65220A200CB00E8B824 /* SearchInterfaces.swift */,
				6EFDC65320A200CB00E8B824 /* SearchPresenter.swift */,
				6EFDC65420A200CB00E8B824 /* SearchViewController.swift */,
				6EFDC65520A200CB00E8B824 /* SearchWireframe.swift */,
			);
			path = Search;
			sourceTree = "<group>";
		};
		6EFDC66420A20E2A00E8B824 /* API */ = {
			isa = PBXGroup;
			children = (
				6EFDC66520A20E3800E8B824 /* ApiClient.swift */,
			);
			path = API;
			sourceTree = "<group>";
		};
		6EFDC66720A2156600E8B824 /* DataModels */ = {
			isa = PBXGroup;
			children = (
				6EFDC66820A2159300E8B824 /* Media.swift */,
				2C3AB34D20A282ED00DFB9F0 /* Album.swift */,
			);
			path = DataModels;
			sourceTree = "<group>";
		};
		6EFDC66A20A2235B00E8B824 /* Views */ = {
			isa = PBXGroup;
			children = (
				6EFDC66B20A2236900E8B824 /* SearchTableViewCell.swift */,
			);
			path = Views;
			sourceTree = "<group>";
		};
		6EFDC66D20A33AA200E8B824 /* Preview Player */ = {
			isa = PBXGroup;
			children = (
				6EFDC66E20A33ABD00E8B824 /* PreviewPlayer.storyboard */,
				6EFDC67020A33ACA00E8B824 /* PreviewPlayerInteractor.swift */,
				6EFDC67120A33ACA00E8B824 /* PreviewPlayerInterfaces.swift */,
				6EFDC67220A33ACA00E8B824 /* PreviewPlayerPresenter.swift */,
				6EFDC67320A33ACA00E8B824 /* PreviewPlayerViewController.swift */,
				6EFDC67420A33ACA00E8B824 /* PreviewPlayerWireframe.swift */,
			);
			path = "Preview Player";
			sourceTree = "<group>";
		};
		7E7A38E54FC4CBCC7217E00A /* Pods */ = {
			isa = PBXGroup;
			children = (
				1DD5E1A5ED29081B1C81A80C /* Pods-itunesapi.debug.xcconfig */,
				1EB252D95CE11CA8754BF4C3 /* Pods-itunesapi.release.xcconfig */,
				F19C5ACF9C7E2C386145CA6B /* Pods-itunesapiTests.debug.xcconfig */,
				C9C7D02E1395A0AEE5B24C59 /* Pods-itunesapiTests.release.xcconfig */,
			);
			name = Pods;
			sourceTree = "<group>";
		};
		8A341E9762B92CA05982D7B0 /* Frameworks */ = {
			isa = PBXGroup;
			children = (
				5E9392EB578B8A7E2CC996F2 /* Pods_itunesapi.framework */,
				E4733D4D9F3A8430E307A3A8 /* Pods_itunesapiTests.framework */,
			);
			name = Frameworks;
			sourceTree = "<group>";
		};
/* End PBXGroup section */

/* Begin PBXNativeTarget section */
		6EFDC61620A1F71B00E8B824 /* itunesapi */ = {
			isa = PBXNativeTarget;
			buildConfigurationList = 6EFDC63420A1F72000E8B824 /* Build configuration list for PBXNativeTarget "itunesapi" */;
			buildPhases = (
				35316CAC67EDCB51CD557D50 /* [CP] Check Pods Manifest.lock */,
				6EFDC61320A1F71B00E8B824 /* Sources */,
				6EFDC61420A1F71B00E8B824 /* Frameworks */,
				6EFDC61520A1F71B00E8B824 /* Resources */,
				554319000363263F92F861CD /* [CP] Embed Pods Frameworks */,
			);
			buildRules = (
			);
			dependencies = (
			);
			name = itunesapi;
			productName = itunesapi;
			productReference = 6EFDC61720A1F71B00E8B824 /* itunesapi.app */;
			productType = "com.apple.product-type.application";
		};
		6EFDC62A20A1F72000E8B824 /* itunesapiTests */ = {
			isa = PBXNativeTarget;
			buildConfigurationList = 6EFDC63720A1F72000E8B824 /* Build configuration list for PBXNativeTarget "itunesapiTests" */;
			buildPhases = (
				F08E1C7ABDDB3A5CD8A6B8E8 /* [CP] Check Pods Manifest.lock */,
				6EFDC62720A1F72000E8B824 /* Sources */,
				6EFDC62820A1F72000E8B824 /* Frameworks */,
				6EFDC62920A1F72000E8B824 /* Resources */,
			);
			buildRules = (
			);
			dependencies = (
				6EFDC62D20A1F72000E8B824 /* PBXTargetDependency */,
			);
			name = itunesapiTests;
			productName = itunesapiTests;
			productReference = 6EFDC62B20A1F72000E8B824 /* itunesapiTests.xctest */;
			productType = "com.apple.product-type.bundle.unit-test";
		};
/* End PBXNativeTarget section */

/* Begin PBXProject section */
		6EFDC60F20A1F71B00E8B824 /* Project object */ = {
			isa = PBXProject;
			attributes = {
				LastSwiftUpdateCheck = 0930;
				LastUpgradeCheck = 0930;
				ORGANIZATIONNAME = "Alejandro Iván";
				TargetAttributes = {
					6EFDC61620A1F71B00E8B824 = {
						CreatedOnToolsVersion = 9.3;
						LastSwiftMigration = 0930;
					};
					6EFDC62A20A1F72000E8B824 = {
						CreatedOnToolsVersion = 9.3;
						TestTargetID = 6EFDC61620A1F71B00E8B824;
					};
				};
			};
			buildConfigurationList = 6EFDC61220A1F71B00E8B824 /* Build configuration list for PBXProject "itunesapi" */;
			compatibilityVersion = "Xcode 9.3";
			developmentRegion = en;
			hasScannedForEncodings = 0;
			knownRegions = (
				Base,
			);
			mainGroup = 6EFDC60E20A1F71B00E8B824;
			productRefGroup = 6EFDC61820A1F71B00E8B824 /* Products */;
			projectDirPath = "";
			projectRoot = "";
			targets = (
				6EFDC61620A1F71B00E8B824 /* itunesapi */,
				6EFDC62A20A1F72000E8B824 /* itunesapiTests */,
			);
		};
/* End PBXProject section */

/* Begin PBXResourcesBuildPhase section */
		6EFDC61520A1F71B00E8B824 /* Resources */ = {
			isa = PBXResourcesBuildPhase;
			buildActionMask = 2147483647;
			files = (
				6EFDC66F20A33ABD00E8B824 /* PreviewPlayer.storyboard in Resources */,
				2C3AB34B20A2698A00DFB9F0 /* Details.storyboard in Resources */,
				6EFDC62520A1F72000E8B824 /* LaunchScreen.storyboard in Resources */,
				6EFDC65C20A200E100E8B824 /* Search.storyboard in Resources */,
				6EFDC62220A1F72000E8B824 /* Assets.xcassets in Resources */,
				6EFDC66020A20AEE00E8B824 /* Main.storyboard in Resources */,
			);
			runOnlyForDeploymentPostprocessing = 0;
		};
		6EFDC62920A1F72000E8B824 /* Resources */ = {
			isa = PBXResourcesBuildPhase;
			buildActionMask = 2147483647;
			files = (
			);
			runOnlyForDeploymentPostprocessing = 0;
		};
/* End PBXResourcesBuildPhase section */

/* Begin PBXShellScriptBuildPhase section */
		35316CAC67EDCB51CD557D50 /* [CP] Check Pods Manifest.lock */ = {
			isa = PBXShellScriptBuildPhase;
			buildActionMask = 2147483647;
			files = (
			);
			inputPaths = (
				"${PODS_PODFILE_DIR_PATH}/Podfile.lock",
				"${PODS_ROOT}/Manifest.lock",
			);
			name = "[CP] Check Pods Manifest.lock";
			outputPaths = (
				"$(DERIVED_FILE_DIR)/Pods-itunesapi-checkManifestLockResult.txt",
			);
			runOnlyForDeploymentPostprocessing = 0;
			shellPath = /bin/sh;
			shellScript = "diff \"${PODS_PODFILE_DIR_PATH}/Podfile.lock\" \"${PODS_ROOT}/Manifest.lock\" > /dev/null\nif [ $? != 0 ] ; then\n    # print error to STDERR\n    echo \"error: The sandbox is not in sync with the Podfile.lock. Run 'pod install' or update your CocoaPods installation.\" >&2\n    exit 1\nfi\n# This output is used by Xcode 'outputs' to avoid re-running this script phase.\necho \"SUCCESS\" > \"${SCRIPT_OUTPUT_FILE_0}\"\n";
			showEnvVarsInLog = 0;
		};
		554319000363263F92F861CD /* [CP] Embed Pods Frameworks */ = {
			isa = PBXShellScriptBuildPhase;
			buildActionMask = 2147483647;
			files = (
			);
			inputPaths = (
				"${SRCROOT}/Pods/Target Support Files/Pods-itunesapi/Pods-itunesapi-frameworks.sh",
				"${BUILT_PRODUCTS_DIR}/Alamofire/Alamofire.framework",
				"${BUILT_PRODUCTS_DIR}/AlamofireImage/AlamofireImage.framework",
				"${BUILT_PRODUCTS_DIR}/ICSPullToRefresh/ICSPullToRefresh.framework",
				"${BUILT_PRODUCTS_DIR}/OrigamiEngine/OrigamiEngine.framework",
			);
			name = "[CP] Embed Pods Frameworks";
			outputPaths = (
				"${TARGET_BUILD_DIR}/${FRAMEWORKS_FOLDER_PATH}/Alamofire.framework",
				"${TARGET_BUILD_DIR}/${FRAMEWORKS_FOLDER_PATH}/AlamofireImage.framework",
				"${TARGET_BUILD_DIR}/${FRAMEWORKS_FOLDER_PATH}/ICSPullToRefresh.framework",
				"${TARGET_BUILD_DIR}/${FRAMEWORKS_FOLDER_PATH}/OrigamiEngine.framework",
			);
			runOnlyForDeploymentPostprocessing = 0;
			shellPath = /bin/sh;
			shellScript = "\"${SRCROOT}/Pods/Target Support Files/Pods-itunesapi/Pods-itunesapi-frameworks.sh\"\n";
			showEnvVarsInLog = 0;
		};
		F08E1C7ABDDB3A5CD8A6B8E8 /* [CP] Check Pods Manifest.lock */ = {
			isa = PBXShellScriptBuildPhase;
			buildActionMask = 2147483647;
			files = (
			);
			inputPaths = (
				"${PODS_PODFILE_DIR_PATH}/Podfile.lock",
				"${PODS_ROOT}/Manifest.lock",
			);
			name = "[CP] Check Pods Manifest.lock";
			outputPaths = (
				"$(DERIVED_FILE_DIR)/Pods-itunesapiTests-checkManifestLockResult.txt",
			);
			runOnlyForDeploymentPostprocessing = 0;
			shellPath = /bin/sh;
			shellScript = "diff \"${PODS_PODFILE_DIR_PATH}/Podfile.lock\" \"${PODS_ROOT}/Manifest.lock\" > /dev/null\nif [ $? != 0 ] ; then\n    # print error to STDERR\n    echo \"error: The sandbox is not in sync with the Podfile.lock. Run 'pod install' or update your CocoaPods installation.\" >&2\n    exit 1\nfi\n# This output is used by Xcode 'outputs' to avoid re-running this script phase.\necho \"SUCCESS\" > \"${SCRIPT_OUTPUT_FILE_0}\"\n";
			showEnvVarsInLog = 0;
		};
/* End PBXShellScriptBuildPhase section */

/* Begin PBXSourcesBuildPhase section */
		6EFDC61320A1F71B00E8B824 /* Sources */ = {
			isa = PBXSourcesBuildPhase;
			buildActionMask = 2147483647;
			files = (
				6EFDC67920A33ACA00E8B824 /* PreviewPlayerWireframe.swift in Sources */,
				6EFDC64B20A1FE9400E8B824 /* InteractorInterface.swift in Sources */,
				6EFDC65920A200CB00E8B824 /* SearchViewController.swift in Sources */,
				6EFDC65820A200CB00E8B824 /* SearchPresenter.swift in Sources */,
				6EFDC65620A200CB00E8B824 /* SearchInteractor.swift in Sources */,
				2C3AB34520A2697A00DFB9F0 /* DetailsInteractor.swift in Sources */,
				6EFDC64C20A1FE9400E8B824 /* ViewInterface.swift in Sources */,
				6EFDC66920A2159300E8B824 /* Media.swift in Sources */,
				2C0A13F120A3B802000B4A2B /* itunesapi.xcdatamodeld in Sources */,
				6EFDC67620A33ACA00E8B824 /* PreviewPlayerInterfaces.swift in Sources */,
				6EFDC67720A33ACA00E8B824 /* PreviewPlayerPresenter.swift in Sources */,
				6EFDC64E20A1FE9400E8B824 /* BaseWireframe.swift in Sources */,
				6EFDC61B20A1F71B00E8B824 /* AppDelegate.swift in Sources */,
				2C3AB34720A2697A00DFB9F0 /* DetailsPresenter.swift in Sources */,
				6EFDC67520A33ACA00E8B824 /* PreviewPlayerInteractor.swift in Sources */,
				6EFDC65A20A200CB00E8B824 /* SearchWireframe.swift in Sources */,
				6EFDC64D20A1FE9400E8B824 /* PresenterInterface.swift in Sources */,
				6EFDC66C20A2236900E8B824 /* SearchTableViewCell.swift in Sources */,
				6EFDC65720A200CB00E8B824 /* SearchInterfaces.swift in Sources */,
				6EFDC66320A20D4E00E8B824 /* Constants.swift in Sources */,
				2C3AB34920A2697A00DFB9F0 /* DetailsWireframe.swift in Sources */,
				6EFDC65E20A2093500E8B824 /* AppNavigationController.swift in Sources */,
				6EFDC67820A33ACA00E8B824 /* PreviewPlayerViewController.swift in Sources */,
				2C3AB35120A29B9C00DFB9F0 /* DetailsTableViewCell.swift in Sources */,
				6EFDC64F20A1FE9400E8B824 /* UIStoryboardExtension.swift in Sources */,
				2C3AB34620A2697A00DFB9F0 /* DetailsInterfaces.swift in Sources */,
				2C3AB34E20A282ED00DFB9F0 /* Album.swift in Sources */,
				6EFDC66620A20E3800E8B824 /* ApiClient.swift in Sources */,
				2C3AB34820A2697A00DFB9F0 /* DetailsViewController.swift in Sources */,
			);
			runOnlyForDeploymentPostprocessing = 0;
		};
		6EFDC62720A1F72000E8B824 /* Sources */ = {
			isa = PBXSourcesBuildPhase;
			buildActionMask = 2147483647;
			files = (
				6EFDC63020A1F72000E8B824 /* itunesapiTests.swift in Sources */,
			);
			runOnlyForDeploymentPostprocessing = 0;
		};
/* End PBXSourcesBuildPhase section */

/* Begin PBXTargetDependency section */
		6EFDC62D20A1F72000E8B824 /* PBXTargetDependency */ = {
			isa = PBXTargetDependency;
			target = 6EFDC61620A1F71B00E8B824 /* itunesapi */;
			targetProxy = 6EFDC62C20A1F72000E8B824 /* PBXContainerItemProxy */;
		};
/* End PBXTargetDependency section */

/* Begin PBXVariantGroup section */
		6EFDC62320A1F72000E8B824 /* LaunchScreen.storyboard */ = {
			isa = PBXVariantGroup;
			children = (
				6EFDC62420A1F72000E8B824 /* Base */,
				6EFDC63B20A1F77800E8B824 /* es */,
			);
			name = LaunchScreen.storyboard;
			sourceTree = "<group>";
		};
/* End PBXVariantGroup section */

/* Begin XCBuildConfiguration section */
		6EFDC63220A1F72000E8B824 /* Debug */ = {
			isa = XCBuildConfiguration;
			buildSettings = {
				ALWAYS_SEARCH_USER_PATHS = NO;
				CLANG_ANALYZER_LOCALIZABILITY_NONLOCALIZED = YES;
				CLANG_ANALYZER_NONNULL = YES;
				CLANG_ANALYZER_NUMBER_OBJECT_CONVERSION = YES_AGGRESSIVE;
				CLANG_CXX_LANGUAGE_STANDARD = "gnu++14";
				CLANG_CXX_LIBRARY = "libc++";
				CLANG_ENABLE_MODULES = YES;
				CLANG_ENABLE_OBJC_ARC = YES;
				CLANG_ENABLE_OBJC_WEAK = YES;
				CLANG_WARN_BLOCK_CAPTURE_AUTORELEASING = YES;
				CLANG_WARN_BOOL_CONVERSION = YES;
				CLANG_WARN_COMMA = YES;
				CLANG_WARN_CONSTANT_CONVERSION = YES;
				CLANG_WARN_DEPRECATED_OBJC_IMPLEMENTATIONS = YES;
				CLANG_WARN_DIRECT_OBJC_ISA_USAGE = YES_ERROR;
				CLANG_WARN_DOCUMENTATION_COMMENTS = YES;
				CLANG_WARN_EMPTY_BODY = YES;
				CLANG_WARN_ENUM_CONVERSION = YES;
				CLANG_WARN_INFINITE_RECURSION = YES;
				CLANG_WARN_INT_CONVERSION = YES;
				CLANG_WARN_NON_LITERAL_NULL_CONVERSION = YES;
				CLANG_WARN_OBJC_IMPLICIT_RETAIN_SELF = YES;
				CLANG_WARN_OBJC_LITERAL_CONVERSION = YES;
				CLANG_WARN_OBJC_ROOT_CLASS = YES_ERROR;
				CLANG_WARN_RANGE_LOOP_ANALYSIS = YES;
				CLANG_WARN_STRICT_PROTOTYPES = YES;
				CLANG_WARN_SUSPICIOUS_MOVE = YES;
				CLANG_WARN_UNGUARDED_AVAILABILITY = YES_AGGRESSIVE;
				CLANG_WARN_UNREACHABLE_CODE = YES;
				CLANG_WARN__DUPLICATE_METHOD_MATCH = YES;
				CODE_SIGN_IDENTITY = "iPhone Developer";
				COPY_PHASE_STRIP = NO;
				DEBUG_INFORMATION_FORMAT = dwarf;
				ENABLE_STRICT_OBJC_MSGSEND = YES;
				ENABLE_TESTABILITY = YES;
				GCC_C_LANGUAGE_STANDARD = gnu11;
				GCC_DYNAMIC_NO_PIC = NO;
				GCC_NO_COMMON_BLOCKS = YES;
				GCC_OPTIMIZATION_LEVEL = 0;
				GCC_PREPROCESSOR_DEFINITIONS = (
					"DEBUG=1",
					"$(inherited)",
				);
				GCC_WARN_64_TO_32_BIT_CONVERSION = YES;
				GCC_WARN_ABOUT_RETURN_TYPE = YES_ERROR;
				GCC_WARN_UNDECLARED_SELECTOR = YES;
				GCC_WARN_UNINITIALIZED_AUTOS = YES_AGGRESSIVE;
				GCC_WARN_UNUSED_FUNCTION = YES;
				GCC_WARN_UNUSED_VARIABLE = YES;
				IPHONEOS_DEPLOYMENT_TARGET = 11.0;
				MTL_ENABLE_DEBUG_INFO = YES;
				ONLY_ACTIVE_ARCH = YES;
				SDKROOT = iphoneos;
				SWIFT_ACTIVE_COMPILATION_CONDITIONS = DEBUG;
				SWIFT_OPTIMIZATION_LEVEL = "-Onone";
			};
			name = Debug;
		};
		6EFDC63320A1F72000E8B824 /* Release */ = {
			isa = XCBuildConfiguration;
			buildSettings = {
				ALWAYS_SEARCH_USER_PATHS = NO;
				CLANG_ANALYZER_LOCALIZABILITY_NONLOCALIZED = YES;
				CLANG_ANALYZER_NONNULL = YES;
				CLANG_ANALYZER_NUMBER_OBJECT_CONVERSION = YES_AGGRESSIVE;
				CLANG_CXX_LANGUAGE_STANDARD = "gnu++14";
				CLANG_CXX_LIBRARY = "libc++";
				CLANG_ENABLE_MODULES = YES;
				CLANG_ENABLE_OBJC_ARC = YES;
				CLANG_ENABLE_OBJC_WEAK = YES;
				CLANG_WARN_BLOCK_CAPTURE_AUTORELEASING = YES;
				CLANG_WARN_BOOL_CONVERSION = YES;
				CLANG_WARN_COMMA = YES;
				CLANG_WARN_CONSTANT_CONVERSION = YES;
				CLANG_WARN_DEPRECATED_OBJC_IMPLEMENTATIONS = YES;
				CLANG_WARN_DIRECT_OBJC_ISA_USAGE = YES_ERROR;
				CLANG_WARN_DOCUMENTATION_COMMENTS = YES;
				CLANG_WARN_EMPTY_BODY = YES;
				CLANG_WARN_ENUM_CONVERSION = YES;
				CLANG_WARN_INFINITE_RECURSION = YES;
				CLANG_WARN_INT_CONVERSION = YES;
				CLANG_WARN_NON_LITERAL_NULL_CONVERSION = YES;
				CLANG_WARN_OBJC_IMPLICIT_RETAIN_SELF = YES;
				CLANG_WARN_OBJC_LITERAL_CONVERSION = YES;
				CLANG_WARN_OBJC_ROOT_CLASS = YES_ERROR;
				CLANG_WARN_RANGE_LOOP_ANALYSIS = YES;
				CLANG_WARN_STRICT_PROTOTYPES = YES;
				CLANG_WARN_SUSPICIOUS_MOVE = YES;
				CLANG_WARN_UNGUARDED_AVAILABILITY = YES_AGGRESSIVE;
				CLANG_WARN_UNREACHABLE_CODE = YES;
				CLANG_WARN__DUPLICATE_METHOD_MATCH = YES;
				CODE_SIGN_IDENTITY = "iPhone Developer";
				COPY_PHASE_STRIP = NO;
				DEBUG_INFORMATION_FORMAT = "dwarf-with-dsym";
				ENABLE_NS_ASSERTIONS = NO;
				ENABLE_STRICT_OBJC_MSGSEND = YES;
				GCC_C_LANGUAGE_STANDARD = gnu11;
				GCC_NO_COMMON_BLOCKS = YES;
				GCC_WARN_64_TO_32_BIT_CONVERSION = YES;
				GCC_WARN_ABOUT_RETURN_TYPE = YES_ERROR;
				GCC_WARN_UNDECLARED_SELECTOR = YES;
				GCC_WARN_UNINITIALIZED_AUTOS = YES_AGGRESSIVE;
				GCC_WARN_UNUSED_FUNCTION = YES;
				GCC_WARN_UNUSED_VARIABLE = YES;
				IPHONEOS_DEPLOYMENT_TARGET = 11.0;
				MTL_ENABLE_DEBUG_INFO = NO;
				SDKROOT = iphoneos;
				SWIFT_COMPILATION_MODE = wholemodule;
				SWIFT_OPTIMIZATION_LEVEL = "-O";
				VALIDATE_PRODUCT = YES;
			};
			name = Release;
		};
		6EFDC63520A1F72000E8B824 /* Debug */ = {
			isa = XCBuildConfiguration;
			baseConfigurationReference = 1DD5E1A5ED29081B1C81A80C /* Pods-itunesapi.debug.xcconfig */;
			buildSettings = {
				ASSETCATALOG_COMPILER_APPICON_NAME = AppIcon;
				CLANG_ENABLE_MODULES = YES;
				CODE_SIGN_STYLE = Automatic;
				DEVELOPMENT_TEAM = 99QSH5L9VP;
				INFOPLIST_FILE = "$(PRODUCT_NAME)/Application/Info.plist";
				LD_RUNPATH_SEARCH_PATHS = (
					"$(inherited)",
					"@executable_path/Frameworks",
				);
				PRODUCT_BUNDLE_IDENTIFIER = cl.penquistas.itunesapi;
				PRODUCT_NAME = "$(TARGET_NAME)";
				SWIFT_OBJC_BRIDGING_HEADER = "itunesapi/Application/itunesapi-Bridging-Header.h";
				SWIFT_OPTIMIZATION_LEVEL = "-Onone";
				SWIFT_VERSION = 4.0;
				TARGETED_DEVICE_FAMILY = "1,2";
			};
			name = Debug;
		};
		6EFDC63620A1F72000E8B824 /* Release */ = {
			isa = XCBuildConfiguration;
			baseConfigurationReference = 1EB252D95CE11CA8754BF4C3 /* Pods-itunesapi.release.xcconfig */;
			buildSettings = {
				ASSETCATALOG_COMPILER_APPICON_NAME = AppIcon;
				CLANG_ENABLE_MODULES = YES;
				CODE_SIGN_STYLE = Automatic;
				DEVELOPMENT_TEAM = 99QSH5L9VP;
				INFOPLIST_FILE = "$(PRODUCT_NAME)/Application/Info.plist";
				LD_RUNPATH_SEARCH_PATHS = (
					"$(inherited)",
					"@executable_path/Frameworks",
				);
				PRODUCT_BUNDLE_IDENTIFIER = cl.penquistas.itunesapi;
				PRODUCT_NAME = "$(TARGET_NAME)";
				SWIFT_OBJC_BRIDGING_HEADER = "itunesapi/Application/itunesapi-Bridging-Header.h";
				SWIFT_VERSION = 4.0;
				TARGETED_DEVICE_FAMILY = "1,2";
			};
			name = Release;
		};
		6EFDC63820A1F72000E8B824 /* Debug */ = {
			isa = XCBuildConfiguration;
			baseConfigurationReference = F19C5ACF9C7E2C386145CA6B /* Pods-itunesapiTests.debug.xcconfig */;
			buildSettings = {
				ALWAYS_EMBED_SWIFT_STANDARD_LIBRARIES = YES;
				BUNDLE_LOADER = "$(TEST_HOST)";
				CODE_SIGN_STYLE = Automatic;
				DEVELOPMENT_TEAM = 99QSH5L9VP;
				INFOPLIST_FILE = itunesapiTests/Info.plist;
				LD_RUNPATH_SEARCH_PATHS = (
					"$(inherited)",
					"@executable_path/Frameworks",
					"@loader_path/Frameworks",
				);
				PRODUCT_BUNDLE_IDENTIFIER = cl.penquistas.itunesapiTests;
				PRODUCT_NAME = "$(TARGET_NAME)";
				SWIFT_VERSION = 4.0;
				TARGETED_DEVICE_FAMILY = "1,2";
				TEST_HOST = "$(BUILT_PRODUCTS_DIR)/itunesapi.app/itunesapi";
			};
			name = Debug;
		};
		6EFDC63920A1F72000E8B824 /* Release */ = {
			isa = XCBuildConfiguration;
			baseConfigurationReference = C9C7D02E1395A0AEE5B24C59 /* Pods-itunesapiTests.release.xcconfig */;
			buildSettings = {
				ALWAYS_EMBED_SWIFT_STANDARD_LIBRARIES = YES;
				BUNDLE_LOADER = "$(TEST_HOST)";
				CODE_SIGN_STYLE = Automatic;
				DEVELOPMENT_TEAM = 99QSH5L9VP;
				INFOPLIST_FILE = itunesapiTests/Info.plist;
				LD_RUNPATH_SEARCH_PATHS = (
					"$(inherited)",
					"@executable_path/Frameworks",
					"@loader_path/Frameworks",
				);
				PRODUCT_BUNDLE_IDENTIFIER = cl.penquistas.itunesapiTests;
				PRODUCT_NAME = "$(TARGET_NAME)";
				SWIFT_VERSION = 4.0;
				TARGETED_DEVICE_FAMILY = "1,2";
				TEST_HOST = "$(BUILT_PRODUCTS_DIR)/itunesapi.app/itunesapi";
			};
			name = Release;
		};
/* End XCBuildConfiguration section */

/* Begin XCConfigurationList section */
		6EFDC61220A1F71B00E8B824 /* Build configuration list for PBXProject "itunesapi" */ = {
			isa = XCConfigurationList;
			buildConfigurations = (
				6EFDC63220A1F72000E8B824 /* Debug */,
				6EFDC63320A1F72000E8B824 /* Release */,
			);
			defaultConfigurationIsVisible = 0;
			defaultConfigurationName = Release;
		};
		6EFDC63420A1F72000E8B824 /* Build configuration list for PBXNativeTarget "itunesapi" */ = {
			isa = XCConfigurationList;
			buildConfigurations = (
				6EFDC63520A1F72000E8B824 /* Debug */,
				6EFDC63620A1F72000E8B824 /* Release */,
			);
			defaultConfigurationIsVisible = 0;
			defaultConfigurationName = Release;
		};
		6EFDC63720A1F72000E8B824 /* Build configuration list for PBXNativeTarget "itunesapiTests" */ = {
			isa = XCConfigurationList;
			buildConfigurations = (
				6EFDC63820A1F72000E8B824 /* Debug */,
				6EFDC63920A1F72000E8B824 /* Release */,
			);
			defaultConfigurationIsVisible = 0;
			defaultConfigurationName = Release;
		};
/* End XCConfigurationList section */

/* Begin XCVersionGroup section */
		2C0A13EF20A3B802000B4A2B /* itunesapi.xcdatamodeld */ = {
			isa = XCVersionGroup;
			children = (
				2C0A13F020A3B802000B4A2B /* itunesapi.xcdatamodel */,
			);
			currentVersion = 2C0A13F020A3B802000B4A2B /* itunesapi.xcdatamodel */;
			path = itunesapi.xcdatamodeld;
			sourceTree = "<group>";
			versionGroupType = wrapper.xcdatamodel;
		};
/* End XCVersionGroup section */
	};
	rootObject = 6EFDC60F20A1F71B00E8B824 /* Project object */;
}
